
Microsoft Visual Studio Solution File, Format Version 12.00
# Visual Studio Version 16
VisualStudioVersion = 16.0.30523.141
MinimumVisualStudioVersion = 10.0.40219.1
Project("{FAE04EC0-301F-11D3-BF4B-00C04F79EFBC}") = "JMusic.Models", "JMusic.Models\JMusic.Models.csproj", "{B9E30630-3CEB-4BCC-B444-C1D9FFB11263}"
EndProject
Project("{FAE04EC0-301F-11D3-BF4B-00C04F79EFBC}") = "JMusic.Data", "JMusic.Data\JMusic.Data.csproj", "{F6FEB959-1A6C-40F3-96E2-C6F84F6D3DAD}"
EndProject
Project("{FAE04EC0-301F-11D3-BF4B-00C04F79EFBC}") = "JMusic.API", "JMusic.API\JMusic.API.csproj", "{3D3A00F2-4BD4-4884-949A-0F62D7672820}"
EndProject
Global
	GlobalSection(SolutionConfigurationPlatforms) = preSolution
		Debug|Any CPU = Debug|Any CPU
		Release|Any CPU = Release|Any CPU
	EndGlobalSection
	GlobalSection(ProjectConfigurationPlatforms) = postSolution
		{B9E30630-3CEB-4BCC-B444-C1D9FFB11263}.Debug|Any CPU.ActiveCfg = Debug|Any CPU
		{B9E30630-3CEB-4BCC-B444-C1D9FFB11263}.Debug|Any CPU.Build.0 = Debug|Any CPU
		{B9E30630-3CEB-4BCC-B444-C1D9FFB11263}.Release|Any CPU.ActiveCfg = Release|Any CPU
		{B9E30630-3CEB-4BCC-B444-C1D9FFB11263}.Release|Any CPU.Build.0 = Release|Any CPU
		{F6FEB959-1A6C-40F3-96E2-C6F84F6D3DAD}.Debug|Any CPU.ActiveCfg = Debug|Any CPU
		{F6FEB959-1A6C-40F3-96E2-C6F84F6D3DAD}.Debug|Any CPU.Build.0 = Debug|Any CPU
		{F6FEB959-1A6C-40F3-96E2-C6F84F6D3DAD}.Release|Any CPU.ActiveCfg = Release|Any CPU
		{F6FEB959-1A6C-40F3-96E2-C6F84F6D3DAD}.Release|Any CPU.Build.0 = Release|Any CPU
		{3D3A00F2-4BD4-4884-949A-0F62D7672820}.Debug|Any CPU.ActiveCfg = Debug|Any CPU
		{3D3A00F2-4BD4-4884-949A-0F62D7672820}.Debug|Any CPU.Build.0 = Debug|Any CPU
		{3D3A00F2-4BD4-4884-949A-0F62D7672820}.Release|Any CPU.ActiveCfg = Release|Any CPU
		{3D3A00F2-4BD4-4884-949A-0F62D7672820}.Release|Any CPU.Build.0 = Release|Any CPU
	EndGlobalSection
	GlobalSection(SolutionProperties) = preSolution
		HideSolutionNode = FALSE
	EndGlobalSection
	GlobalSection(ExtensibilityGlobals) = postSolution
		SolutionGuid = {B6BF9BD6-DADA-4311-9665-26C050E334C0}
	EndGlobalSection
EndGlobal
